{
  "name": "swc_plugin_implicit_class_attrs",
  "version": "1.0.0",
  "lockfileVersion": 1,
  "requires": true,
  "dependencies": {
    "@babel/runtime": {
      "version": "7.17.9",
      "resolved": "https://registry.npmjs.org/@babel/runtime/-/runtime-7.17.9.tgz",
      "integrity": "sha512-lSiBBvodq29uShpWGNbgFdKYNiFDo5/HIYsaCEY9ff4sb10x9jizo2+pRrSyF4jKZCXqgzuqBOQKbUm90gQwJg==",
      "dev": true,
      "requires": {
        "regenerator-runtime": "^0.13.4"
      }
    },
    "@nodelib/fs.scandir": {
      "version": "2.1.5",
      "resolved": "https://registry.npmjs.org/@nodelib/fs.scandir/-/fs.scandir-2.1.5.tgz",
      "integrity": "sha512-vq24Bq3ym5HEQm2NKCr3yXDwjc7vTsEThRDnkp2DK9p1uqLR+DHurm/NOTo0KG7HYHU7eppKZj3MyqYuMBf62g==",
      "dev": true,
      "requires": {
        "@nodelib/fs.stat": "2.0.5",
        "run-parallel": "^1.1.9"
      }
    },
    "@nodelib/fs.stat": {
      "version": "2.0.5",
      "resolved": "https://registry.npmjs.org/@nodelib/fs.stat/-/fs.stat-2.0.5.tgz",
      "integrity": "sha512-RkhPPp2zrqDAQA/2jNhnztcPAlv64XdhIp7a7454A5ovI7Bukxgt7MX7udwAu3zg1DcpPU0rz3VV1SeaqvY4+A==",
      "dev": true
    },
    "@nodelib/fs.walk": {
      "version": "1.2.8",
      "resolved": "https://registry.npmjs.org/@nodelib/fs.walk/-/fs.walk-1.2.8.tgz",
      "integrity": "sha512-oGB+UxlgWcgQkgwo8GcEGwemoTFt3FIO9ababBmaGwXIoBKZ+GTy0pP185beGg7Llih/NSHSV2XAs1lnznocSg==",
      "dev": true,
      "requires": {
        "@nodelib/fs.scandir": "2.1.5",
        "fastq": "^1.6.0"
      }
    },
    "@swc-node/core": {
      "version": "1.9.0",
      "resolved": "https://registry.npmjs.org/@swc-node/core/-/core-1.9.0.tgz",
      "integrity": "sha512-vRnvsMtL9OxybA/Wun1ZhlDvB6MNs4Zujnina0VKdGk+yI6s87KUhdTcbAY6dQMZhQTLFiC1Lnv/BuwCKcCEug==",
      "dev": true,
      "requires": {
        "@swc/core": "^1.2.172"
      }
    },
    "@swc-node/register": {
      "version": "1.5.1",
      "resolved": "https://registry.npmjs.org/@swc-node/register/-/register-1.5.1.tgz",
      "integrity": "sha512-6IL5s4QShKGs08qAeNou3rDA3gbp2WHk6fo0XnJXQn/aC9k6FnVBbj/thGOIEDtgNhC/DKpZT8tCY1LpQnOZFg==",
      "dev": true,
      "requires": {
        "@swc-node/core": "^1.9.0",
        "@swc-node/sourcemap-support": "^0.2.0",
        "colorette": "^2.0.16",
        "debug": "^4.3.4",
        "pirates": "^4.0.5",
        "tslib": "^2.4.0"
      }
    },
    "@swc-node/sourcemap-support": {
      "version": "0.2.0",
      "resolved": "https://registry.npmjs.org/@swc-node/sourcemap-support/-/sourcemap-support-0.2.0.tgz",
      "integrity": "sha512-FNrxdI6XMYfoNt81L8eFKEm1d8P82I1nPwS3MrnBGzZoMWB+seQhQK+iN6M5RreJxXbfZw5lF86LRjHEQeGMqg==",
      "dev": true,
      "requires": {
        "source-map-support": "^0.5.21"
      }
    },
    "@swc/cli": {
      "version": "0.1.57",
      "resolved": "https://registry.npmjs.org/@swc/cli/-/cli-0.1.57.tgz",
      "integrity": "sha512-HxM8TqYHhAg+zp7+RdTU69bnkl4MWdt1ygyp6BDIPjTiaJVH6Dizn2ezbgDS8mnFZI1FyhKvxU/bbaUs8XhzQg==",
      "dev": true,
      "requires": {
        "commander": "^7.1.0",
        "fast-glob": "^3.2.5",
        "slash": "3.0.0",
        "source-map": "^0.7.3"
      }
    },
    "@swc/core": {
      "version": "1.2.181",
      "resolved": "https://registry.npmjs.org/@swc/core/-/core-1.2.181.tgz",
      "integrity": "sha512-evQX+Br/gC+FYLbUIF1dOQa7hUzBpowrcbgPkIRCEvi4HrCn7pGBZ2ZHBXmwEtBdLfOlyQvN/8USClApQKK4Rw==",
      "dev": true,
      "requires": {
        "@swc/core-android-arm-eabi": "1.2.181",
        "@swc/core-android-arm64": "1.2.181",
        "@swc/core-darwin-arm64": "1.2.181",
        "@swc/core-darwin-x64": "1.2.181",
        "@swc/core-freebsd-x64": "1.2.181",
        "@swc/core-linux-arm-gnueabihf": "1.2.181",
        "@swc/core-linux-arm64-gnu": "1.2.181",
        "@swc/core-linux-arm64-musl": "1.2.181",
        "@swc/core-linux-x64-gnu": "1.2.181",
        "@swc/core-linux-x64-musl": "1.2.181",
        "@swc/core-win32-arm64-msvc": "1.2.181",
        "@swc/core-win32-ia32-msvc": "1.2.181",
        "@swc/core-win32-x64-msvc": "1.2.181"
      }
    },
    "@swc/core-android-arm-eabi": {
      "version": "1.2.181",
      "resolved": "https://registry.npmjs.org/@swc/core-android-arm-eabi/-/core-android-arm-eabi-1.2.181.tgz",
      "integrity": "sha512-H3HNf8j6M13uIbSruef8iMsCElJJDZOhp5qxwm/+P1jAG4eQ4vPfajIlTVdFJes8Adrbr4WQaVvl+m4BQw51JQ==",
      "dev": true,
      "optional": true
    },
    "@swc/core-android-arm64": {
      "version": "1.2.181",
      "resolved": "https://registry.npmjs.org/@swc/core-android-arm64/-/core-android-arm64-1.2.181.tgz",
      "integrity": "sha512-b1apYKeosBaXl28xE/By4QVHYrXaR2+nOdcP6rsDXg6nyLBArtoiS5YUFikFN/VQbSAQqNeJQ+rovT5zITrgSQ==",
      "dev": true,
      "optional": true
    },
    "@swc/core-darwin-arm64": {
      "version": "1.2.181",
      "resolved": "https://registry.npmjs.org/@swc/core-darwin-arm64/-/core-darwin-arm64-1.2.181.tgz",
      "integrity": "sha512-M3/PPeO6NTN7GYa1mOWPNMaAPxEQH8xd+X6FHMa7OBCi+Qxkarafu4DZRfzR88TcS3XikqFLgmmzSP7Z/tye2w==",
      "dev": true,
      "optional": true
    },
    "@swc/core-darwin-x64": {
      "version": "1.2.181",
      "resolved": "https://registry.npmjs.org/@swc/core-darwin-x64/-/core-darwin-x64-1.2.181.tgz",
      "integrity": "sha512-8Uc6gx7YN5+eSnk3h7aHqp1f3RFoBJPDPeH9cURm4mfE4BTgkVgkctUm0IE5sS5AotazVbrOwhEFrl7TONSfPA==",
      "dev": true,
      "optional": true
    },
    "@swc/core-freebsd-x64": {
      "version": "1.2.181",
      "resolved": "https://registry.npmjs.org/@swc/core-freebsd-x64/-/core-freebsd-x64-1.2.181.tgz",
      "integrity": "sha512-SbnsbJHGFNY7VSTA5OhBh2PmLgQumIGerAxTCTYO1IgtbADCTL+gCjU0TK0viG/zpH4jnjaL965BI4JTo/bpRg==",
      "dev": true,
      "optional": true
    },
    "@swc/core-linux-arm-gnueabihf": {
      "version": "1.2.181",
      "resolved": "https://registry.npmjs.org/@swc/core-linux-arm-gnueabihf/-/core-linux-arm-gnueabihf-1.2.181.tgz",
      "integrity": "sha512-aWO6Lr9wea96Z7AEagzf4reKgDb3UWXZnClwJK7baScwF8KV+Mh99vVgkSe1nj2gKOZ31pBLp62RDJkc3gdlnA==",
      "dev": true,
      "optional": true
    },
    "@swc/core-linux-arm64-gnu": {
      "version": "1.2.181",
      "resolved": "https://registry.npmjs.org/@swc/core-linux-arm64-gnu/-/core-linux-arm64-gnu-1.2.181.tgz",
      "integrity": "sha512-+7fzDwsvcbhPafKdminMQrU3Ej1NHltXy7k+zgjj8BDPZbfi8hRzQcONeBV7sfl4xvw3d3roNHu2UMmKzLNs0w==",
      "dev": true,
      "optional": true
    },
    "@swc/core-linux-arm64-musl": {
      "version": "1.2.181",
      "resolved": "https://registry.npmjs.org/@swc/core-linux-arm64-musl/-/core-linux-arm64-musl-1.2.181.tgz",
      "integrity": "sha512-U9k8pv2oCxYYfu9DdOO1ZZgqbmF97NgJzSaIu3PsTedF4RcGIiPcuGOFqrUECsGUW2i6uKejE8onbXPj9UmaZQ==",
      "dev": true,
      "optional": true
    },
    "@swc/core-linux-x64-gnu": {
      "version": "1.2.181",
      "resolved": "https://registry.npmjs.org/@swc/core-linux-x64-gnu/-/core-linux-x64-gnu-1.2.181.tgz",
      "integrity": "sha512-9AQXrvZ9BFQJeqYMpKQZRf9h/DEwhfHIR39krehO+g594i+mkkp+UNTToez6Ifn+NBYl58xyEcQGwsYIqtdYVw==",
      "dev": true,
      "optional": true
    },
    "@swc/core-linux-x64-musl": {
      "version": "1.2.181",
      "resolved": "https://registry.npmjs.org/@swc/core-linux-x64-musl/-/core-linux-x64-musl-1.2.181.tgz",
      "integrity": "sha512-Pq/aBMj3F4CR4tXq85t7IW3piu76a677nIoo6QtBkAjrQ5QuJqpaez/5aewipG+kIXpiu/DNFIN+cISa1QeC8A==",
      "dev": true,
      "optional": true
    },
    "@swc/core-win32-arm64-msvc": {
      "version": "1.2.181",
      "resolved": "https://registry.npmjs.org/@swc/core-win32-arm64-msvc/-/core-win32-arm64-msvc-1.2.181.tgz",
      "integrity": "sha512-m24036tVFDE8ZJ3fBVBfsHw4tHd0BG6g3TvT2MLAiW2MezYeTdrGpmvPBz4Woz686I/06cWeSg7cZF1/ZcZMMA==",
      "dev": true,
      "optional": true
    },
    "@swc/core-win32-ia32-msvc": {
      "version": "1.2.181",
      "resolved": "https://registry.npmjs.org/@swc/core-win32-ia32-msvc/-/core-win32-ia32-msvc-1.2.181.tgz",
      "integrity": "sha512-OPROzGapmr29qqwvB/aP9SA80r2eIukj+q7gghdQVptJrQU4GrTyzW1TpnGtpzj8rLZz4hEG6KtyPUh54bJZ/g==",
      "dev": true,
      "optional": true
    },
    "@swc/core-win32-x64-msvc": {
      "version": "1.2.181",
      "resolved": "https://registry.npmjs.org/@swc/core-win32-x64-msvc/-/core-win32-x64-msvc-1.2.181.tgz",
      "integrity": "sha512-YrIaS63XsGiQ9AgxUVZ7Irt4pwQc3c2TPN7PyQP7ok9zBZxY5pBTwRTdLctlF4LNsSavlHE5+rvdPzcYAG0ekQ==",
      "dev": true,
      "optional": true
    },
    "@types/node": {
      "version": "17.0.32",
      "resolved": "https://registry.npmjs.org/@types/node/-/node-17.0.32.tgz",
      "integrity": "sha512-eAIcfAvhf/BkHcf4pkLJ7ECpBAhh9kcxRBpip9cTiO+hf+aJrsxYxBeS6OXvOd9WqNAJmavXVpZvY1rBjNsXmw==",
      "dev": true
    },
    "braces": {
      "version": "3.0.2",
      "resolved": "https://registry.npmjs.org/braces/-/braces-3.0.2.tgz",
      "integrity": "sha512-b8um+L1RzM3WDSzvhm6gIz1yfTbBt6YTlcEKAvsmqCZZFw46z626lVj9j1yEPW33H5H+lBQpZMP1k8l+78Ha0A==",
      "dev": true,
      "requires": {
        "fill-range": "^7.0.1"
      }
    },
    "buffer-from": {
      "version": "1.1.2",
      "resolved": "https://registry.npmjs.org/buffer-from/-/buffer-from-1.1.2.tgz",
      "integrity": "sha512-E+XQCRwSbaaiChtv6k6Dwgc+bx+Bs6vuKJHHl5kox/BaKbhiXzqQOwK4cO22yElGp2OCmjwVhT3HmxgyPGnJfQ==",
      "dev": true
    },
    "colorette": {
      "version": "2.0.16",
      "resolved": "https://registry.npmjs.org/colorette/-/colorette-2.0.16.tgz",
      "integrity": "sha512-hUewv7oMjCp+wkBv5Rm0v87eJhq4woh5rSR+42YSQJKecCqgIqNkZ6lAlQms/BwHPJA5NKMRlpxPRv0n8HQW6g==",
      "dev": true
    },
    "commander": {
      "version": "7.2.0",
      "resolved": "https://registry.npmjs.org/commander/-/commander-7.2.0.tgz",
      "integrity": "sha512-QrWXB+ZQSVPmIWIhtEO9H+gwHaMGYiF5ChvoJ+K9ZGHG/sVsa6yiesAD1GC/x46sET00Xlwo1u49RVVVzvcSkw==",
      "dev": true
    },
    "debug": {
      "version": "4.3.4",
      "resolved": "https://registry.npmjs.org/debug/-/debug-4.3.4.tgz",
      "integrity": "sha512-PRWFHuSU3eDtQJPvnNY7Jcket1j0t5OuOsFzPPzsekD52Zl8qUfFIPEiswXqIvHWGVHOgX+7G/vCNNhehwxfkQ==",
      "dev": true,
      "requires": {
        "ms": "2.1.2"
      }
    },
    "fast-glob": {
      "version": "3.2.11",
      "resolved": "https://registry.npmjs.org/fast-glob/-/fast-glob-3.2.11.tgz",
      "integrity": "sha512-xrO3+1bxSo3ZVHAnqzyuewYT6aMFHRAd4Kcs92MAonjwQZLsK9d0SF1IyQ3k5PoirxTW0Oe/RqFgMQ6TcNE5Ew==",
      "dev": true,
      "requires": {
        "@nodelib/fs.stat": "^2.0.2",
        "@nodelib/fs.walk": "^1.2.3",
        "glob-parent": "^5.1.2",
        "merge2": "^1.3.0",
        "micromatch": "^4.0.4"
      }
    },
    "fastq": {
      "version": "1.13.0",
      "resolved": "https://registry.npmjs.org/fastq/-/fastq-1.13.0.tgz",
      "integrity": "sha512-YpkpUnK8od0o1hmeSc7UUs/eB/vIPWJYjKck2QKIzAf71Vm1AAQ3EbuZB3g2JIy+pg+ERD0vqI79KyZiB2e2Nw==",
      "dev": true,
      "requires": {
        "reusify": "^1.0.4"
      }
    },
    "fill-range": {
      "version": "7.0.1",
      "resolved": "https://registry.npmjs.org/fill-range/-/fill-range-7.0.1.tgz",
      "integrity": "sha512-qOo9F+dMUmC2Lcb4BbVvnKJxTPjCm+RRpe4gDuGrzkL7mEVl/djYSu2OdQ2Pa302N4oqkSg9ir6jaLWJ2USVpQ==",
      "dev": true,
      "requires": {
        "to-regex-range": "^5.0.1"
      }
    },
    "get-caller-file": {
      "version": "2.0.5",
      "resolved": "https://registry.npmjs.org/get-caller-file/-/get-caller-file-2.0.5.tgz",
      "integrity": "sha512-DyFP3BM/3YHTQOCUL/w0OZHR0lpKeGrxotcHWcqNEdnltqFwXVfhEBQ94eIo34AfQpo0rGki4cyIiftY06h2Fg==",
      "dev": true
    },
    "glob-parent": {
      "version": "5.1.2",
      "resolved": "https://registry.npmjs.org/glob-parent/-/glob-parent-5.1.2.tgz",
      "integrity": "sha512-AOIgSQCepiJYwP3ARnGx+5VnTu2HBYdzbGP45eLw1vr3zB3vZLeyed1sC9hnbcOc9/SrMyM5RPQrkGz4aS9Zow==",
      "dev": true,
      "requires": {
        "is-glob": "^4.0.1"
      }
    },
    "import-wasm": {
      "version": "0.2.0",
      "resolved": "https://registry.npmjs.org/import-wasm/-/import-wasm-0.2.0.tgz",
      "integrity": "sha512-W//5389WJuy9BzwRod3lZecCRn54ULeTSr/bHdvQps4ZSn2MnC+rsplzBrn3LdVcXI3Y3Ef1DywQpDg9wDTg/g==",
      "dev": true,
      "requires": {
        "@babel/runtime": "^7.8.0",
        "get-caller-file": "^2.0.5"
      }
    },
    "is-extglob": {
      "version": "2.1.1",
      "resolved": "https://registry.npmjs.org/is-extglob/-/is-extglob-2.1.1.tgz",
      "integrity": "sha1-qIwCU1eR8C7TfHahueqXc8gz+MI=",
      "dev": true
    },
    "is-glob": {
      "version": "4.0.3",
      "resolved": "https://registry.npmjs.org/is-glob/-/is-glob-4.0.3.tgz",
      "integrity": "sha512-xelSayHH36ZgE7ZWhli7pW34hNbNl8Ojv5KVmkJD4hBdD3th8Tfk9vYasLM+mXWOZhFkgZfxhLSnrwRr4elSSg==",
      "dev": true,
      "requires": {
        "is-extglob": "^2.1.1"
      }
    },
    "is-number": {
      "version": "7.0.0",
      "resolved": "https://registry.npmjs.org/is-number/-/is-number-7.0.0.tgz",
      "integrity": "sha512-41Cifkg6e8TylSpdtTpeLVMqvSBEVzTttHvERD741+pnZ8ANv0004MRL43QKPDlK9cGvNp6NZWZUBlbGXYxxng==",
      "dev": true
    },
    "merge2": {
      "version": "1.4.1",
      "resolved": "https://registry.npmjs.org/merge2/-/merge2-1.4.1.tgz",
      "integrity": "sha512-8q7VEgMJW4J8tcfVPy8g09NcQwZdbwFEqhe/WZkoIzjn/3TGDwtOCYtXGxA3O8tPzpczCCDgv+P2P5y00ZJOOg==",
      "dev": true
    },
    "micromatch": {
      "version": "4.0.5",
      "resolved": "https://registry.npmjs.org/micromatch/-/micromatch-4.0.5.tgz",
      "integrity": "sha512-DMy+ERcEW2q8Z2Po+WNXuw3c5YaUSFjAO5GsJqfEl7UjvtIuFKO6ZrKvcItdy98dwFI2N1tg3zNIdKaQT+aNdA==",
      "dev": true,
      "requires": {
        "braces": "^3.0.2",
        "picomatch": "^2.3.1"
      }
    },
    "ms": {
      "version": "2.1.2",
      "resolved": "https://registry.npmjs.org/ms/-/ms-2.1.2.tgz",
      "integrity": "sha512-sGkPx+VjMtmA6MX27oA4FBFELFCZZ4S4XqeGOXCv68tT+jb3vk/RyaKWP0PTKyWtmLSM0b+adUTEvbs1PEaH2w==",
      "dev": true
    },
    "picomatch": {
      "version": "2.3.1",
      "resolved": "https://registry.npmjs.org/picomatch/-/picomatch-2.3.1.tgz",
      "integrity": "sha512-JU3teHTNjmE2VCGFzuY8EXzCDVwEqB2a8fsIvwaStHhAWJEeVd1o1QD80CU6+ZdEXXSLbSsuLwJjkCBWqRQUVA==",
      "dev": true
    },
    "pirates": {
      "version": "4.0.5",
      "resolved": "https://registry.npmjs.org/pirates/-/pirates-4.0.5.tgz",
      "integrity": "sha512-8V9+HQPupnaXMA23c5hvl69zXvTwTzyAYasnkb0Tts4XvO4CliqONMOnvlq26rkhLC3nWDFBJf73LU1e1VZLaQ==",
      "dev": true
    },
    "queue-microtask": {
      "version": "1.2.3",
      "resolved": "https://registry.npmjs.org/queue-microtask/-/queue-microtask-1.2.3.tgz",
      "integrity": "sha512-NuaNSa6flKT5JaSYQzJok04JzTL1CA6aGhv5rfLW3PgqA+M2ChpZQnAC8h8i4ZFkBS8X5RqkDBHA7r4hej3K9A==",
      "dev": true
    },
    "regenerator-runtime": {
      "version": "0.13.9",
      "resolved": "https://registry.npmjs.org/regenerator-runtime/-/regenerator-runtime-0.13.9.tgz",
      "integrity": "sha512-p3VT+cOEgxFsRRA9X4lkI1E+k2/CtnKtU4gcxyaCUreilL/vqI6CdZ3wxVUx3UOUg+gnUOQQcRI7BmSI656MYA==",
      "dev": true
    },
    "reusify": {
      "version": "1.0.4",
      "resolved": "https://registry.npmjs.org/reusify/-/reusify-1.0.4.tgz",
      "integrity": "sha512-U9nH88a3fc/ekCF1l0/UP1IosiuIjyTh7hBvXVMHYgVcfGvt897Xguj2UOLDeI5BG2m7/uwyaLVT6fbtCwTyzw==",
      "dev": true
    },
    "run-parallel": {
      "version": "1.2.0",
      "resolved": "https://registry.npmjs.org/run-parallel/-/run-parallel-1.2.0.tgz",
      "integrity": "sha512-5l4VyZR86LZ/lDxZTR6jqL8AFE2S0IFLMP26AbjsLVADxHdhB/c0GUsH+y39UfCi3dzz8OlQuPmnaJOMoDHQBA==",
      "dev": true,
      "requires": {
        "queue-microtask": "^1.2.2"
      }
    },
    "slash": {
      "version": "3.0.0",
      "resolved": "https://registry.npmjs.org/slash/-/slash-3.0.0.tgz",
      "integrity": "sha512-g9Q1haeby36OSStwb4ntCGGGaKsaVSjQ68fBxoQcutl5fS1vuY18H3wSt3jFyFtrkx+Kz0V1G85A4MyAdDMi2Q==",
      "dev": true
    },
    "source-map": {
      "version": "0.7.3",
      "resolved": "https://registry.npmjs.org/source-map/-/source-map-0.7.3.tgz",
      "integrity": "sha512-CkCj6giN3S+n9qrYiBTX5gystlENnRW5jZeNLHpe6aue+SrHcG5VYwujhW9s4dY31mEGsxBDrHR6oI69fTXsaQ==",
      "dev": true
    },
    "source-map-support": {
      "version": "0.5.21",
      "resolved": "https://registry.npmjs.org/source-map-support/-/source-map-support-0.5.21.tgz",
      "integrity": "sha512-uBHU3L3czsIyYXKX88fdrGovxdSCoTGDRZ6SYXtSRxLZUzHg5P/66Ht6uoUlHu9EZod+inXhKo3qQgwXUT/y1w==",
      "dev": true,
      "requires": {
        "buffer-from": "^1.0.0",
        "source-map": "^0.6.0"
      },
      "dependencies": {
        "source-map": {
          "version": "0.6.1",
          "resolved": "https://registry.npmjs.org/source-map/-/source-map-0.6.1.tgz",
          "integrity": "sha512-UjgapumWlbMhkBgzT7Ykc5YXUT46F0iKu8SGXq0bcwP5dz/h0Plj6enJqjz1Zbq2l5WaqYnrVbwWOWMyF3F47g==",
          "dev": true
        }
      }
    },
    "to-regex-range": {
      "version": "5.0.1",
      "resolved": "https://registry.npmjs.org/to-regex-range/-/to-regex-range-5.0.1.tgz",
      "integrity": "sha512-65P7iz6X5yEr1cwcgvQxbbIw7Uk3gOy5dIdtZ4rDveLqhrdJP+Li/Hx6tyK0NEb+2GCyneCMJiGqrADCSNk8sQ==",
      "dev": true,
      "requires": {
        "is-number": "^7.0.0"
      }
    },
    "tslib": {
      "version": "2.4.0",
      "resolved": "https://registry.npmjs.org/tslib/-/tslib-2.4.0.tgz",
      "integrity": "sha512-d6xOpEDfsi2CZVlPQzGeux8XMwLT9hssAsaPYExaQMuYskwb+x1x7J371tWlbBdWHroy99KnVB6qIkUbs5X3UQ==",
      "dev": true
    },
    "typescript": {
      "version": "4.6.4",
      "resolved": "https://registry.npmjs.org/typescript/-/typescript-4.6.4.tgz",
      "integrity": "sha512-9ia/jWHIEbo49HfjrLGfKbZSuWo9iTMwXO+Ca3pRsSpbsMbc7/IU8NKdCZVRRBafVPGnoJeFL76ZOAA84I9fEg==",
      "dev": true
    }
  }
}
